# This file is @generated by PDM.
# It is not intended for manual editing.

[metadata]
groups = ["default"]
strategy = ["cross_platform", "inherit_metadata"]
lock_version = "4.4.1"
content_hash = "sha256:488624b32b56263db7af1a0a52928a7bb0f7c81d916afd6c3e738854dcca8d97"

[[package]]
name = "pycowsay"
version = "0.0.0.2"
requires_python = ">=3.6"
summary = ""
groups = ["default"]
files = [
    {file = "pycowsay-0.0.0.2-py3-none-any.whl", hash = "sha256:5c03d8a9c7666ec102aaed4bbd6c7d35228489ce236f95f6e5d079529c6a5050"},
    {file = "pycowsay-0.0.0.2.tar.gz", hash = "sha256:d112c4ce55b04dbc363c5a8957b80a0dc7459e864866d6e0202d15a95633bcf4"},
]
