[main]
requirements = ["build==1.2.2.post1", "certifi==2025.1.31", "cfgv==3.4.0", "charset-normalizer==3.4.1", "colorama==0.4.6 ; os_name == 'nt' or sys_platform == 'win32'", "defusedxml==0.7.1", "distlib==0.3.9", "filelock==3.18.0", "httpie==3.2.4", "identify==2.6.9", "idna==3.10", "markdown-it-py==3.0.0", "mdurl==0.1.2", "multidict==6.4.3", "nodeenv==1.9.1", "packaging==24.2", "pip==25.0.1", "platformdirs==4.3.7", "pre-commit==4.2.0", "px-utils==1.1.2", "pygments==2.19.1", "pyproject-hooks==1.2.0", "pysocks==1.7.1", "pyyaml==6.0.2", "requests-toolbelt==1.0.0", "requests==2.32.3", "rich==14.0.0", "ruff==0.11.5", "setuptools==78.1.0", "urllib3==2.4.0", "virtualenv==20.30.0"]
hash = "b3826eb363e6bdf5ffae365d9317d621"
post-install = "pre-commit install"
