[main]
requirements = ["CacheControl==0.13.1", "PySocks==1.7.1", "PyYAML==6.0.1", "Pygments==2.17.2", "build==1.0.3", "certifi==2023.11.17", "cffi==1.16.0", "cfgv==3.4.0", "charset-normalizer==3.3.2", "cleo==2.1.0", "crashtest==0.4.1", "defusedxml==0.7.1", "distlib==0.3.8", "dulwich==0.21.7", "fastjsonschema==2.19.1", "filelock==3.13.1", "httpie==3.2.2", "identify==2.5.33", "idna==3.6", "importlib-metadata==7.0.1", "importlib-resources==6.1.1", "installer==0.7.0", "jaraco.classes==3.3.0", "keyring==24.3.0", "markdown-it-py==3.0.0", "mdurl==0.1.2", "more-itertools==10.2.0", "msgpack==1.0.7", "multidict==6.0.4", "nodeenv==1.8.0", "packaging==23.2", "pexpect==4.9.0", "pkginfo==1.9.6", "platformdirs==3.11.0", "poetry-core==1.8.1", "poetry-plugin-export==1.6.0", "poetry==1.7.1", "pre-commit==3.5.0", "ptyprocess==0.7.0", "px-utils==1.1.0", "pycparser==2.21", "pyproject_hooks==1.0.0", "rapidfuzz==3.6.1", "requests-toolbelt==1.0.0", "requests==2.31.0", "rich==13.7.0", "ruff==0.1.13", "shellingham==1.5.4", "tomli==2.0.1", "tomlkit==0.12.3", "trove-classifiers==2024.1.8", "typing_extensions==4.9.0", "urllib3==2.1.0", "virtualenv==20.25.0", "xattr==0.10.1", "zipp==3.17.0"]
hash = "23cc211542554a4643085383e6cfac68"
post-install = "pre-commit install"
