[main]
requirements = ["build==1.2.2.post1", "cachecontrol==0.14.1", "certifi==2024.8.30", "cffi==1.17.1 ; (platform_python_implementation != 'PyPy' and sys_platform == 'linux') or sys_platform == 'darwin'", "cfgv==3.4.0", "charset-normalizer==3.4.0", "cleo==2.1.0", "colorama==0.4.6 ; sys_platform == 'win32' or os_name == 'nt'", "crashtest==0.4.1", "cryptography==43.0.3 ; sys_platform == 'linux'", "defusedxml==0.7.1", "distlib==0.3.9", "dulwich==0.21.7", "fastjsonschema==2.20.0", "filelock==3.16.1", "httpie==3.2.4", "identify==2.6.1", "idna==3.10", "importlib-metadata==8.5.0 ; python_full_version < '3.12'", "importlib-resources==6.4.5 ; python_full_version < '3.9'", "installer==0.7.0", "jaraco-classes==3.4.0", "jeepney==0.8.0 ; sys_platform == 'linux'", "keyring==24.3.1", "markdown-it-py==3.0.0", "mdurl==0.1.2", "more-itertools==10.5.0", "msgpack==1.1.0", "multidict==6.1.0", "nodeenv==1.9.1", "packaging==24.2", "pexpect==4.9.0", "pip==24.3.1", "pkginfo==1.11.2", "platformdirs==4.3.6", "poetry-core==1.9.1", "poetry-plugin-export==1.8.0", "poetry==1.8.4", "pre-commit==3.5.0", "ptyprocess==0.7.0", "px-utils==1.1.2", "pycparser==2.22 ; (platform_python_implementation != 'PyPy' and sys_platform == 'linux') or sys_platform == 'darwin'", "pygments==2.18.0", "pyproject-hooks==1.2.0", "pysocks==1.7.1", "pywin32-ctypes==0.2.3 ; sys_platform == 'win32'", "pyyaml==6.0.2", "rapidfuzz==3.9.7", "requests-toolbelt==1.0.0", "requests==2.32.3", "rich==13.9.4", "ruff==0.7.3", "secretstorage==3.3.3 ; sys_platform == 'linux'", "setuptools==75.3.0", "shellingham==1.5.4", "tomli==2.1.0 ; python_full_version < '3.11'", "tomlkit==0.13.2", "trove-classifiers==2024.10.21.16", "typing-extensions==4.12.2 ; python_full_version < '3.11'", "urllib3==2.2.3", "virtualenv==20.27.1", "xattr==1.1.0 ; sys_platform == 'darwin'", "zipp==3.20.2 ; python_full_version < '3.12'"]
hash = "23cc211542554a4643085383e6cfac68"
post-install = "pre-commit install"
